
Microsoft Visual Studio Solution File, Format Version 12.00
# Visual Studio 15
VisualStudioVersion = 15.0.27703.2000
MinimumVisualStudioVersion = 10.0.40219.1
Project("{9A19103F-16F7-4668-BE54-9A1E7A4F7556}") = "BL", "BL\BL.csproj", "{2995D7C7-18D7-488F-8A27-576400229642}"
EndProject
Project("{9A19103F-16F7-4668-BE54-9A1E7A4F7556}") = "Kettle.BL", "Kettle.BL\Kettle.BL.csproj", "{A910C527-8312-484C-A35A-D64D19646401}"
EndProject
Project("{9A19103F-16F7-4668-BE54-9A1E7A4F7556}") = "BobsMachine", "BobsMachine\BobsMachine.csproj", "{C572345C-7BEE-4C2E-81D6-CF6ACADF1E4C}"
EndProject
Project("{9A19103F-16F7-4668-BE54-9A1E7A4F7556}") = "Salary.Models", "Salary.Models\Salary.Models.csproj", "{FE521539-F995-45DC-B0D6-04B544A83379}"
EndProject
Project("{9A19103F-16F7-4668-BE54-9A1E7A4F7556}") = "Salary.Services", "Salary.Services\Salary.Services.csproj", "{F71AD7CD-8FA5-4A3E-9DCE-0CF25A0581D1}"
EndProject
Project("{9A19103F-16F7-4668-BE54-9A1E7A4F7556}") = "Salary.Services.Implementation", "Salary.Services.Implementations\Salary.Services.Implementation.csproj", "{D2AED428-53C9-419A-97E0-EE63DBA09D01}"
EndProject
Project("{9A19103F-16F7-4668-BE54-9A1E7A4F7556}") = "Salary.DataAccess", "Salary.DataAccess\Salary.DataAccess.csproj", "{4B894D06-3DDA-4ABC-8F5F-55E1DAEA7E94}"
EndProject
Project("{9A19103F-16F7-4668-BE54-9A1E7A4F7556}") = "Salary.DataAccess.InMemory", "Salary.DataAccess.InMemory\Salary.DataAccess.InMemory.csproj", "{F420CE28-27E9-400C-BD0F-A66C05F6F4D9}"
EndProject
Project("{9A19103F-16F7-4668-BE54-9A1E7A4F7556}") = "Salary.WebApi", "Salary.WebApi\Salary.WebApi.csproj", "{74B272F4-0C79-4B34-9936-CF43063ED45C}"
EndProject
Project("{2150E333-8FDC-42A3-9474-1A3956D46DE8}") = "SalaryTests", "SalaryTests", "{9AAB831F-47DC-40D5-9AEF-364D4B795C8C}"
EndProject
Project("{9A19103F-16F7-4668-BE54-9A1E7A4F7556}") = "Salary.DataAccess.InMemory.Tests", "Salary.DataAccess.InMemory.Tests\Salary.DataAccess.InMemory.Tests.csproj", "{AECFEF51-4098-437A-A20C-D90E04BDF126}"
EndProject
Project("{FAE04EC0-301F-11D3-BF4B-00C04F79EFBC}") = "Salary.DataAccess.Intermediate", "Salart.DataAccess.Intermediate\Salary.DataAccess.Intermediate.csproj", "{ECA831AF-5CE4-4162-B8CE-EA4CBF6C7789}"
EndProject
Global
	GlobalSection(SolutionConfigurationPlatforms) = preSolution
		Debug|Any CPU = Debug|Any CPU
		Release|Any CPU = Release|Any CPU
	EndGlobalSection
	GlobalSection(ProjectConfigurationPlatforms) = postSolution
		{2995D7C7-18D7-488F-8A27-576400229642}.Debug|Any CPU.ActiveCfg = Debug|Any CPU
		{2995D7C7-18D7-488F-8A27-576400229642}.Debug|Any CPU.Build.0 = Debug|Any CPU
		{2995D7C7-18D7-488F-8A27-576400229642}.Release|Any CPU.ActiveCfg = Release|Any CPU
		{2995D7C7-18D7-488F-8A27-576400229642}.Release|Any CPU.Build.0 = Release|Any CPU
		{A910C527-8312-484C-A35A-D64D19646401}.Debug|Any CPU.ActiveCfg = Debug|Any CPU
		{A910C527-8312-484C-A35A-D64D19646401}.Debug|Any CPU.Build.0 = Debug|Any CPU
		{A910C527-8312-484C-A35A-D64D19646401}.Release|Any CPU.ActiveCfg = Release|Any CPU
		{A910C527-8312-484C-A35A-D64D19646401}.Release|Any CPU.Build.0 = Release|Any CPU
		{C572345C-7BEE-4C2E-81D6-CF6ACADF1E4C}.Debug|Any CPU.ActiveCfg = Debug|Any CPU
		{C572345C-7BEE-4C2E-81D6-CF6ACADF1E4C}.Debug|Any CPU.Build.0 = Debug|Any CPU
		{C572345C-7BEE-4C2E-81D6-CF6ACADF1E4C}.Release|Any CPU.ActiveCfg = Release|Any CPU
		{C572345C-7BEE-4C2E-81D6-CF6ACADF1E4C}.Release|Any CPU.Build.0 = Release|Any CPU
		{FE521539-F995-45DC-B0D6-04B544A83379}.Debug|Any CPU.ActiveCfg = Debug|Any CPU
		{FE521539-F995-45DC-B0D6-04B544A83379}.Debug|Any CPU.Build.0 = Debug|Any CPU
		{FE521539-F995-45DC-B0D6-04B544A83379}.Release|Any CPU.ActiveCfg = Release|Any CPU
		{FE521539-F995-45DC-B0D6-04B544A83379}.Release|Any CPU.Build.0 = Release|Any CPU
		{F71AD7CD-8FA5-4A3E-9DCE-0CF25A0581D1}.Debug|Any CPU.ActiveCfg = Debug|Any CPU
		{F71AD7CD-8FA5-4A3E-9DCE-0CF25A0581D1}.Debug|Any CPU.Build.0 = Debug|Any CPU
		{F71AD7CD-8FA5-4A3E-9DCE-0CF25A0581D1}.Release|Any CPU.ActiveCfg = Release|Any CPU
		{F71AD7CD-8FA5-4A3E-9DCE-0CF25A0581D1}.Release|Any CPU.Build.0 = Release|Any CPU
		{D2AED428-53C9-419A-97E0-EE63DBA09D01}.Debug|Any CPU.ActiveCfg = Debug|Any CPU
		{D2AED428-53C9-419A-97E0-EE63DBA09D01}.Debug|Any CPU.Build.0 = Debug|Any CPU
		{D2AED428-53C9-419A-97E0-EE63DBA09D01}.Release|Any CPU.ActiveCfg = Release|Any CPU
		{D2AED428-53C9-419A-97E0-EE63DBA09D01}.Release|Any CPU.Build.0 = Release|Any CPU
		{4B894D06-3DDA-4ABC-8F5F-55E1DAEA7E94}.Debug|Any CPU.ActiveCfg = Debug|Any CPU
		{4B894D06-3DDA-4ABC-8F5F-55E1DAEA7E94}.Debug|Any CPU.Build.0 = Debug|Any CPU
		{4B894D06-3DDA-4ABC-8F5F-55E1DAEA7E94}.Release|Any CPU.ActiveCfg = Release|Any CPU
		{4B894D06-3DDA-4ABC-8F5F-55E1DAEA7E94}.Release|Any CPU.Build.0 = Release|Any CPU
		{F420CE28-27E9-400C-BD0F-A66C05F6F4D9}.Debug|Any CPU.ActiveCfg = Debug|Any CPU
		{F420CE28-27E9-400C-BD0F-A66C05F6F4D9}.Debug|Any CPU.Build.0 = Debug|Any CPU
		{F420CE28-27E9-400C-BD0F-A66C05F6F4D9}.Release|Any CPU.ActiveCfg = Release|Any CPU
		{F420CE28-27E9-400C-BD0F-A66C05F6F4D9}.Release|Any CPU.Build.0 = Release|Any CPU
		{74B272F4-0C79-4B34-9936-CF43063ED45C}.Debug|Any CPU.ActiveCfg = Debug|Any CPU
		{74B272F4-0C79-4B34-9936-CF43063ED45C}.Debug|Any CPU.Build.0 = Debug|Any CPU
		{74B272F4-0C79-4B34-9936-CF43063ED45C}.Release|Any CPU.ActiveCfg = Release|Any CPU
		{74B272F4-0C79-4B34-9936-CF43063ED45C}.Release|Any CPU.Build.0 = Release|Any CPU
		{AECFEF51-4098-437A-A20C-D90E04BDF126}.Debug|Any CPU.ActiveCfg = Debug|Any CPU
		{AECFEF51-4098-437A-A20C-D90E04BDF126}.Debug|Any CPU.Build.0 = Debug|Any CPU
		{AECFEF51-4098-437A-A20C-D90E04BDF126}.Release|Any CPU.ActiveCfg = Release|Any CPU
		{AECFEF51-4098-437A-A20C-D90E04BDF126}.Release|Any CPU.Build.0 = Release|Any CPU
		{ECA831AF-5CE4-4162-B8CE-EA4CBF6C7789}.Debug|Any CPU.ActiveCfg = Debug|Any CPU
		{ECA831AF-5CE4-4162-B8CE-EA4CBF6C7789}.Debug|Any CPU.Build.0 = Debug|Any CPU
		{ECA831AF-5CE4-4162-B8CE-EA4CBF6C7789}.Release|Any CPU.ActiveCfg = Release|Any CPU
		{ECA831AF-5CE4-4162-B8CE-EA4CBF6C7789}.Release|Any CPU.Build.0 = Release|Any CPU
	EndGlobalSection
	GlobalSection(SolutionProperties) = preSolution
		HideSolutionNode = FALSE
	EndGlobalSection
	GlobalSection(NestedProjects) = preSolution
		{AECFEF51-4098-437A-A20C-D90E04BDF126} = {9AAB831F-47DC-40D5-9AEF-364D4B795C8C}
	EndGlobalSection
	GlobalSection(ExtensibilityGlobals) = postSolution
		SolutionGuid = {8AD3E376-53E5-40E9-B56C-AA9CC9886293}
	EndGlobalSection
EndGlobal
